
Microsoft Visual Studio Solution File, Format Version 11.00
# Visual Studio 2010
Project("{FAE04EC0-301F-11D3-BF4B-00C04F79EFBC}") = "Globe test", "Assembly-CSharp.csproj", "{D2C633FC-61D7-4086-5DD5-0CC223462B17}"
EndProject
Global
	GlobalSection(SolutionConfigurationPlatforms) = preSolution
		Debug|Any CPU = Debug|Any CPU
		Release|Any CPU = Release|Any CPU
	EndGlobalSection
	GlobalSection(ProjectConfigurationPlatforms) = postSolution
		{D2C633FC-61D7-4086-5DD5-0CC223462B17}.Debug|Any CPU.ActiveCfg = Debug|Any CPU
		{D2C633FC-61D7-4086-5DD5-0CC223462B17}.Debug|Any CPU.Build.0 = Debug|Any CPU
		{D2C633FC-61D7-4086-5DD5-0CC223462B17}.Release|Any CPU.ActiveCfg = Release|Any CPU
		{D2C633FC-61D7-4086-5DD5-0CC223462B17}.Release|Any CPU.Build.0 = Release|Any CPU
	EndGlobalSection
	GlobalSection(SolutionProperties) = preSolution
		HideSolutionNode = FALSE
	EndGlobalSection
	GlobalSection(MonoDevelopProperties) = preSolution
		StartupItem = Assembly-CSharp.csproj
	EndGlobalSection
EndGlobal
